
Microsoft Visual Studio Solution File, Format Version 12.00
# Visual Studio Version 16
VisualStudioVersion = 16.0.31105.61
MinimumVisualStudioVersion = 10.0.40219.1
Project("{FAE04EC0-301F-11D3-BF4B-00C04F79EFBC}") = "2", "2\2.csproj", "{42834FD5-9C2C-4DA7-9F9A-FB60767E35B6}"
EndProject
Global
	GlobalSection(SolutionConfigurationPlatforms) = preSolution
		Debug|Any CPU = Debug|Any CPU
		Release|Any CPU = Release|Any CPU
	EndGlobalSection
	GlobalSection(ProjectConfigurationPlatforms) = postSolution
		{42834FD5-9C2C-4DA7-9F9A-FB60767E35B6}.Debug|Any CPU.ActiveCfg = Debug|Any CPU
		{42834FD5-9C2C-4DA7-9F9A-FB60767E35B6}.Debug|Any CPU.Build.0 = Debug|Any CPU
		{42834FD5-9C2C-4DA7-9F9A-FB60767E35B6}.Release|Any CPU.ActiveCfg = Release|Any CPU
		{42834FD5-9C2C-4DA7-9F9A-FB60767E35B6}.Release|Any CPU.Build.0 = Release|Any CPU
	EndGlobalSection
	GlobalSection(SolutionProperties) = preSolution
		HideSolutionNode = FALSE
	EndGlobalSection
	GlobalSection(ExtensibilityGlobals) = postSolution
		SolutionGuid = {17D6DFB5-E8D2-4587-B71D-0C4AB503A436}
	EndGlobalSection
EndGlobal
